
Microsoft Visual Studio Solution File, Format Version 12.00
# Visual Studio Version 17
VisualStudioVersion = 17.9.34714.143
MinimumVisualStudioVersion = 10.0.40219.1
Project("{FAE04EC0-301F-11D3-BF4B-00C04F79EFBC}") = "VTKBasedCADModeller", "VTKBasedCADModeller.csproj", "{8118FDE6-A1F2-4542-8DE5-6E83C43E146E}"
EndProject
Global
	GlobalSection(SolutionConfigurationPlatforms) = preSolution
		Debug|Any CPU = Debug|Any CPU
		Debug|x64 = Debug|x64
		Release|Any CPU = Release|Any CPU
		Release|x64 = Release|x64
	EndGlobalSection
	GlobalSection(ProjectConfigurationPlatforms) = postSolution
		{8118FDE6-A1F2-4542-8DE5-6E83C43E146E}.Debug|Any CPU.ActiveCfg = Debug|Any CPU
		{8118FDE6-A1F2-4542-8DE5-6E83C43E146E}.Debug|Any CPU.Build.0 = Debug|Any CPU
		{8118FDE6-A1F2-4542-8DE5-6E83C43E146E}.Debug|x64.ActiveCfg = Debug|x64
		{8118FDE6-A1F2-4542-8DE5-6E83C43E146E}.Debug|x64.Build.0 = Debug|x64
		{8118FDE6-A1F2-4542-8DE5-6E83C43E146E}.Release|Any CPU.ActiveCfg = Release|Any CPU
		{8118FDE6-A1F2-4542-8DE5-6E83C43E146E}.Release|Any CPU.Build.0 = Release|Any CPU
		{8118FDE6-A1F2-4542-8DE5-6E83C43E146E}.Release|x64.ActiveCfg = Release|x64
		{8118FDE6-A1F2-4542-8DE5-6E83C43E146E}.Release|x64.Build.0 = Release|x64
	EndGlobalSection
	GlobalSection(SolutionProperties) = preSolution
		HideSolutionNode = FALSE
	EndGlobalSection
	GlobalSection(ExtensibilityGlobals) = postSolution
		SolutionGuid = {DECD8490-8D60-4948-87B2-3F63AD7642A2}
	EndGlobalSection
EndGlobal
